// !$*UTF8*$!
{
	archiveVersion = 1;
	classes = {
	};
	objectVersion = 46;
	objects = {

/* Begin PBXBuildFile section */
		2F2E21454CB36C74A79E7DBD /* Start.h in Headers */ = {isa = PBXBuildFile; fileRef = 2F2E2B554A1BAABA4C19CAA2 /* Start.h */; settings = {ATTRIBUTES = (Public, ); }; };
		2F2E2161BA8C70D6A16D853C /* StartTokenRequest.m in Sources */ = {isa = PBXBuildFile; fileRef = 2F2E200D3CE4FBD1991EB7C4 /* StartTokenRequest.m */; };
		2F2E22E1D2A8D7A4D629C5B7 /* Start.m in Sources */ = {isa = PBXBuildFile; fileRef = 2F2E209290C0056BAC1F8E78 /* Start.m */; };
		2F2E22ED05A95B7CF0E72FE8 /* StartCardBrandDetector.m in Sources */ = {isa = PBXBuildFile; fileRef = 2F2E2223F6BF1C6EE4C6544A /* StartCardBrandDetector.m */; };
		2F2E23A5940B900789B362AB /* StartAPIClient.m in Sources */ = {isa = PBXBuildFile; fileRef = 2F2E26C2E1F286679A49A13A /* StartAPIClient.m */; };
		2F2E250C295F20A0E4C8BE5D /* StartTests.m in Sources */ = {isa = PBXBuildFile; fileRef = 2F2E2CC4E93DC11CD8853F4A /* StartTests.m */; };
		2F2E250E47FB29B26B140563 /* StartCard.m in Sources */ = {isa = PBXBuildFile; fileRef = 2F2E20950FE54A93A28FB15B /* StartCard.m */; };
		2F2E26612F4A48EAF19E7A83 /* StartVerificationRequestTests.m in Sources */ = {isa = PBXBuildFile; fileRef = 2F2E2F788B89D0EEA7C8433E /* StartVerificationRequestTests.m */; };
		2F2E27E83BC0F23E5A782986 /* StartTokenRequestTests.m in Sources */ = {isa = PBXBuildFile; fileRef = 2F2E2BCA266B73D6121C7F2D /* StartTokenRequestTests.m */; };
		2F2E28BF3CF96DA9D843CC30 /* StartToken.h in Headers */ = {isa = PBXBuildFile; fileRef = 2F2E2A4D2456F02E11040650 /* StartToken.h */; settings = {ATTRIBUTES = (Public, ); }; };
		2F2E292629C628BE4792384B /* StartCard.h in Headers */ = {isa = PBXBuildFile; fileRef = 2F2E2BC38A6718033A58FF43 /* StartCard.h */; settings = {ATTRIBUTES = (Public, ); }; };
		2F2E2AEA105A53BACB2C75CA /* NSString+Start.m in Sources */ = {isa = PBXBuildFile; fileRef = 2F2E2B24513DB6989D9DF9A7 /* NSString+Start.m */; };
		2F2E2C9CB30FFE3408FBB16D /* NSNumber+Start.m in Sources */ = {isa = PBXBuildFile; fileRef = 2F2E2EC544227404613523FC /* NSNumber+Start.m */; };
		2F2E2CC4146EF88A85337434 /* StartVerification.m in Sources */ = {isa = PBXBuildFile; fileRef = 2F2E25D6000C2655C3D8071E /* StartVerification.m */; };
		2F2E2CECF995EE223A541453 /* StartException.h in Headers */ = {isa = PBXBuildFile; fileRef = 2F2E2F94B0B19915E99D4EFA /* StartException.h */; settings = {ATTRIBUTES = (Public, ); }; };
		2F2E2D040C368521C6F0865B /* StartVerificationRequest.m in Sources */ = {isa = PBXBuildFile; fileRef = 2F2E22974C55B33BA9EA50CB /* StartVerificationRequest.m */; };
		2F2E2D306676E18744817BB0 /* StartAPIClientTests.m in Sources */ = {isa = PBXBuildFile; fileRef = 2F2E2D5044750A16AAF1CE95 /* StartAPIClientTests.m */; };
		2F2E2D65D2CA5BFB4092B1B4 /* StartCardTests.m in Sources */ = {isa = PBXBuildFile; fileRef = 2F2E24A7665C4E578DF76BC1 /* StartCardTests.m */; };
		2F2E2E0E6949871EBEF5B24F /* StartUtilsTests.m in Sources */ = {isa = PBXBuildFile; fileRef = 2F2E28A7DBC3F422AE8A18F3 /* StartUtilsTests.m */; };
		2F2E2E2291B0D00B359AECAE /* StartTokenEntity.m in Sources */ = {isa = PBXBuildFile; fileRef = 2F2E2F798B440006BBCF4445 /* StartTokenEntity.m */; };
		2F2E2E39CFA02012CB8454E5 /* NSDate+Start.m in Sources */ = {isa = PBXBuildFile; fileRef = 2F2E21D3B3B77CD467ACE8D5 /* NSDate+Start.m */; };
		2F2E2E96CAAC2DA1C2512D59 /* StartException.m in Sources */ = {isa = PBXBuildFile; fileRef = 2F2E208A85C95EB4A3DC1024 /* StartException.m */; };
		831FA9451DE983D900B6B467 /* StartSDK.framework in Frameworks */ = {isa = PBXBuildFile; fileRef = 831FA93B1DE983D900B6B467 /* StartSDK.framework */; };
		831FA94C1DE983D900B6B467 /* StartSDK.h in Headers */ = {isa = PBXBuildFile; fileRef = 831FA93E1DE983D900B6B467 /* StartSDK.h */; settings = {ATTRIBUTES = (Public, ); }; };
/* End PBXBuildFile section */

/* Begin PBXContainerItemProxy section */
		831FA9461DE983D900B6B467 /* PBXContainerItemProxy */ = {
			isa = PBXContainerItemProxy;
			containerPortal = 831FA9321DE983D900B6B467 /* Project object */;
			proxyType = 1;
			remoteGlobalIDString = 831FA93A1DE983D900B6B467;
			remoteInfo = StartSDK;
		};
/* End PBXContainerItemProxy section */

/* Begin PBXFileReference section */
		2F2E200D3CE4FBD1991EB7C4 /* StartTokenRequest.m */ = {isa = PBXFileReference; fileEncoding = 4; lastKnownFileType = sourcecode.c.objc; path = StartTokenRequest.m; sourceTree = "<group>"; };
		2F2E20154E9AC46AFA907F8B /* StartTokenEntity.h */ = {isa = PBXFileReference; fileEncoding = 4; lastKnownFileType = sourcecode.c.h; path = StartTokenEntity.h; sourceTree = "<group>"; };
		2F2E208A85C95EB4A3DC1024 /* StartException.m */ = {isa = PBXFileReference; fileEncoding = 4; lastKnownFileType = sourcecode.c.objc; path = StartException.m; sourceTree = "<group>"; };
		2F2E209290C0056BAC1F8E78 /* Start.m */ = {isa = PBXFileReference; fileEncoding = 4; lastKnownFileType = sourcecode.c.objc; path = Start.m; sourceTree = "<group>"; };
		2F2E20950FE54A93A28FB15B /* StartCard.m */ = {isa = PBXFileReference; fileEncoding = 4; lastKnownFileType = sourcecode.c.objc; path = StartCard.m; sourceTree = "<group>"; };
		2F2E2142CF40B82066D59F69 /* StartTokenRequest.h */ = {isa = PBXFileReference; fileEncoding = 4; lastKnownFileType = sourcecode.c.h; path = StartTokenRequest.h; sourceTree = "<group>"; };
		2F2E21D3B3B77CD467ACE8D5 /* NSDate+Start.m */ = {isa = PBXFileReference; fileEncoding = 4; lastKnownFileType = sourcecode.c.objc; path = "NSDate+Start.m"; sourceTree = "<group>"; };
		2F2E2223F6BF1C6EE4C6544A /* StartCardBrandDetector.m */ = {isa = PBXFileReference; fileEncoding = 4; lastKnownFileType = sourcecode.c.objc; path = StartCardBrandDetector.m; sourceTree = "<group>"; };
		2F2E22974C55B33BA9EA50CB /* StartVerificationRequest.m */ = {isa = PBXFileReference; fileEncoding = 4; lastKnownFileType = sourcecode.c.objc; path = StartVerificationRequest.m; sourceTree = "<group>"; };
		2F2E2457C2FEC39CCDEAF7ED /* NSDate+Start.h */ = {isa = PBXFileReference; fileEncoding = 4; lastKnownFileType = sourcecode.c.h; path = "NSDate+Start.h"; sourceTree = "<group>"; };
		2F2E24A7665C4E578DF76BC1 /* StartCardTests.m */ = {isa = PBXFileReference; fileEncoding = 4; lastKnownFileType = sourcecode.c.objc; path = StartCardTests.m; sourceTree = "<group>"; };
		2F2E25D6000C2655C3D8071E /* StartVerification.m */ = {isa = PBXFileReference; fileEncoding = 4; lastKnownFileType = sourcecode.c.objc; path = StartVerification.m; sourceTree = "<group>"; };
		2F2E25F38AEF344620997E84 /* NSNumber+Start.h */ = {isa = PBXFileReference; fileEncoding = 4; lastKnownFileType = sourcecode.c.h; path = "NSNumber+Start.h"; sourceTree = "<group>"; };
		2F2E26C2E1F286679A49A13A /* StartAPIClient.m */ = {isa = PBXFileReference; fileEncoding = 4; lastKnownFileType = sourcecode.c.objc; path = StartAPIClient.m; sourceTree = "<group>"; };
		2F2E2894D310D12A9408F797 /* NSString+Start.h */ = {isa = PBXFileReference; fileEncoding = 4; lastKnownFileType = sourcecode.c.h; path = "NSString+Start.h"; sourceTree = "<group>"; };
		2F2E2898CF65A88EAFDE76AE /* StartCardBrandDetector.h */ = {isa = PBXFileReference; fileEncoding = 4; lastKnownFileType = sourcecode.c.h; path = StartCardBrandDetector.h; sourceTree = "<group>"; };
		2F2E28A7DBC3F422AE8A18F3 /* StartUtilsTests.m */ = {isa = PBXFileReference; fileEncoding = 4; lastKnownFileType = sourcecode.c.objc; path = StartUtilsTests.m; sourceTree = "<group>"; };
		2F2E2A4D2456F02E11040650 /* StartToken.h */ = {isa = PBXFileReference; fileEncoding = 4; lastKnownFileType = sourcecode.c.h; path = StartToken.h; sourceTree = "<group>"; };
		2F2E2A7BC3BD106CC2BF9C24 /* StartVerification.h */ = {isa = PBXFileReference; fileEncoding = 4; lastKnownFileType = sourcecode.c.h; path = StartVerification.h; sourceTree = "<group>"; };
		2F2E2B24513DB6989D9DF9A7 /* NSString+Start.m */ = {isa = PBXFileReference; fileEncoding = 4; lastKnownFileType = sourcecode.c.objc; path = "NSString+Start.m"; sourceTree = "<group>"; };
		2F2E2B554A1BAABA4C19CAA2 /* Start.h */ = {isa = PBXFileReference; fileEncoding = 4; lastKnownFileType = sourcecode.c.h; path = Start.h; sourceTree = "<group>"; };
		2F2E2BC38A6718033A58FF43 /* StartCard.h */ = {isa = PBXFileReference; fileEncoding = 4; lastKnownFileType = sourcecode.c.h; path = StartCard.h; sourceTree = "<group>"; };
		2F2E2BCA266B73D6121C7F2D /* StartTokenRequestTests.m */ = {isa = PBXFileReference; fileEncoding = 4; lastKnownFileType = sourcecode.c.objc; path = StartTokenRequestTests.m; sourceTree = "<group>"; };
		2F2E2BD0E5571B477B610213 /* StartVerificationRequest.h */ = {isa = PBXFileReference; fileEncoding = 4; lastKnownFileType = sourcecode.c.h; path = StartVerificationRequest.h; sourceTree = "<group>"; };
		2F2E2CBBAFFF8D9F48EA4452 /* StartAPIClient.h */ = {isa = PBXFileReference; fileEncoding = 4; lastKnownFileType = sourcecode.c.h; path = StartAPIClient.h; sourceTree = "<group>"; };
		2F2E2CC4E93DC11CD8853F4A /* StartTests.m */ = {isa = PBXFileReference; fileEncoding = 4; lastKnownFileType = sourcecode.c.objc; path = StartTests.m; sourceTree = "<group>"; };
		2F2E2D5044750A16AAF1CE95 /* StartAPIClientTests.m */ = {isa = PBXFileReference; fileEncoding = 4; lastKnownFileType = sourcecode.c.objc; path = StartAPIClientTests.m; sourceTree = "<group>"; };
		2F2E2EC544227404613523FC /* NSNumber+Start.m */ = {isa = PBXFileReference; fileEncoding = 4; lastKnownFileType = sourcecode.c.objc; path = "NSNumber+Start.m"; sourceTree = "<group>"; };
		2F2E2F29B41E8E1C036735DF /* StartAPIClientRequest.h */ = {isa = PBXFileReference; fileEncoding = 4; lastKnownFileType = sourcecode.c.h; path = StartAPIClientRequest.h; sourceTree = "<group>"; };
		2F2E2F788B89D0EEA7C8433E /* StartVerificationRequestTests.m */ = {isa = PBXFileReference; fileEncoding = 4; lastKnownFileType = sourcecode.c.objc; path = StartVerificationRequestTests.m; sourceTree = "<group>"; };
		2F2E2F798B440006BBCF4445 /* StartTokenEntity.m */ = {isa = PBXFileReference; fileEncoding = 4; lastKnownFileType = sourcecode.c.objc; path = StartTokenEntity.m; sourceTree = "<group>"; };
		2F2E2F94B0B19915E99D4EFA /* StartException.h */ = {isa = PBXFileReference; fileEncoding = 4; lastKnownFileType = sourcecode.c.h; path = StartException.h; sourceTree = "<group>"; };
		831FA93B1DE983D900B6B467 /* StartSDK.framework */ = {isa = PBXFileReference; explicitFileType = wrapper.framework; includeInIndex = 0; path = StartSDK.framework; sourceTree = BUILT_PRODUCTS_DIR; };
		831FA93E1DE983D900B6B467 /* StartSDK.h */ = {isa = PBXFileReference; lastKnownFileType = sourcecode.c.h; path = StartSDK.h; sourceTree = "<group>"; };
		831FA93F1DE983D900B6B467 /* Info.plist */ = {isa = PBXFileReference; lastKnownFileType = text.plist.xml; path = Info.plist; sourceTree = "<group>"; };
		831FA9441DE983D900B6B467 /* StartSDKTests.xctest */ = {isa = PBXFileReference; explicitFileType = wrapper.cfbundle; includeInIndex = 0; path = StartSDKTests.xctest; sourceTree = BUILT_PRODUCTS_DIR; };
		831FA94B1DE983D900B6B467 /* Info.plist */ = {isa = PBXFileReference; lastKnownFileType = text.plist.xml; path = Info.plist; sourceTree = "<group>"; };
/* End PBXFileReference section */

/* Begin PBXFrameworksBuildPhase section */
		831FA9371DE983D900B6B467 /* Frameworks */ = {
			isa = PBXFrameworksBuildPhase;
			buildActionMask = 2147483647;
			files = (
			);
			runOnlyForDeploymentPostprocessing = 0;
		};
		831FA9411DE983D900B6B467 /* Frameworks */ = {
			isa = PBXFrameworksBuildPhase;
			buildActionMask = 2147483647;
			files = (
				831FA9451DE983D900B6B467 /* StartSDK.framework in Frameworks */,
			);
			runOnlyForDeploymentPostprocessing = 0;
		};
/* End PBXFrameworksBuildPhase section */

/* Begin PBXGroup section */
		2F2E20E93A8F3C92099091A9 /* Extensions */ = {
			isa = PBXGroup;
			children = (
				2F2E21D3B3B77CD467ACE8D5 /* NSDate+Start.m */,
				2F2E2457C2FEC39CCDEAF7ED /* NSDate+Start.h */,
				2F2E2894D310D12A9408F797 /* NSString+Start.h */,
				2F2E2B24513DB6989D9DF9A7 /* NSString+Start.m */,
				2F2E25F38AEF344620997E84 /* NSNumber+Start.h */,
				2F2E2EC544227404613523FC /* NSNumber+Start.m */,
			);
			path = Extensions;
			sourceTree = "<group>";
		};
		2F2E22D5B3F6D0F428451378 /* Network */ = {
			isa = PBXGroup;
			children = (
				2F2E2F29B41E8E1C036735DF /* StartAPIClientRequest.h */,
				2F2E2CBBAFFF8D9F48EA4452 /* StartAPIClient.h */,
				2F2E26C2E1F286679A49A13A /* StartAPIClient.m */,
				2F2E2142CF40B82066D59F69 /* StartTokenRequest.h */,
				2F2E200D3CE4FBD1991EB7C4 /* StartTokenRequest.m */,
				2F2E2BD0E5571B477B610213 /* StartVerificationRequest.h */,
				2F2E22974C55B33BA9EA50CB /* StartVerificationRequest.m */,
			);
			path = Network;
			sourceTree = "<group>";
		};
		2F2E25C3D28209DE5E5FC00E /* Tests */ = {
			isa = PBXGroup;
			children = (
				2F2E2CC4E93DC11CD8853F4A /* StartTests.m */,
				2F2E28A7DBC3F422AE8A18F3 /* StartUtilsTests.m */,
				2F2E24A7665C4E578DF76BC1 /* StartCardTests.m */,
				2F2E2BCA266B73D6121C7F2D /* StartTokenRequestTests.m */,
				2F2E2D5044750A16AAF1CE95 /* StartAPIClientTests.m */,
				2F2E2F788B89D0EEA7C8433E /* StartVerificationRequestTests.m */,
			);
			path = Tests;
			sourceTree = "<group>";
		};
		2F2E2BD6058CF4E0F51CC3C2 /* Models */ = {
			isa = PBXGroup;
			children = (
				2F2E2B554A1BAABA4C19CAA2 /* Start.h */,
				2F2E209290C0056BAC1F8E78 /* Start.m */,
				2F2E2BC38A6718033A58FF43 /* StartCard.h */,
				2F2E20950FE54A93A28FB15B /* StartCard.m */,
				2F2E2A4D2456F02E11040650 /* StartToken.h */,
				2F2E20154E9AC46AFA907F8B /* StartTokenEntity.h */,
				2F2E2F798B440006BBCF4445 /* StartTokenEntity.m */,
				2F2E2A7BC3BD106CC2BF9C24 /* StartVerification.h */,
				2F2E25D6000C2655C3D8071E /* StartVerification.m */,
			);
			path = Models;
			sourceTree = "<group>";
		};
		2F2E2D2E9D21F0A27E5532A9 /* Common */ = {
			isa = PBXGroup;
			children = (
				2F2E2898CF65A88EAFDE76AE /* StartCardBrandDetector.h */,
				2F2E2223F6BF1C6EE4C6544A /* StartCardBrandDetector.m */,
				2F2E2F94B0B19915E99D4EFA /* StartException.h */,
				2F2E208A85C95EB4A3DC1024 /* StartException.m */,
			);
			path = Common;
			sourceTree = "<group>";
		};
		831FA9311DE983D900B6B467 = {
			isa = PBXGroup;
			children = (
				831FA93D1DE983D900B6B467 /* StartSDK */,
				831FA9481DE983D900B6B467 /* StartSDKTests */,
				831FA93C1DE983D900B6B467 /* Products */,
			);
			sourceTree = "<group>";
		};
		831FA93C1DE983D900B6B467 /* Products */ = {
			isa = PBXGroup;
			children = (
				831FA93B1DE983D900B6B467 /* StartSDK.framework */,
				831FA9441DE983D900B6B467 /* StartSDKTests.xctest */,
			);
			name = Products;
			sourceTree = "<group>";
		};
		831FA93D1DE983D900B6B467 /* StartSDK */ = {
			isa = PBXGroup;
			children = (
				2F2E20E93A8F3C92099091A9 /* Extensions */,
				2F2E22D5B3F6D0F428451378 /* Network */,
				2F2E2BD6058CF4E0F51CC3C2 /* Models */,
				2F2E2D2E9D21F0A27E5532A9 /* Common */,
				831FA93E1DE983D900B6B467 /* StartSDK.h */,
				831FA93F1DE983D900B6B467 /* Info.plist */,
			);
			path = StartSDK;
			sourceTree = "<group>";
		};
		831FA9481DE983D900B6B467 /* StartSDKTests */ = {
			isa = PBXGroup;
			children = (
				2F2E25C3D28209DE5E5FC00E /* Tests */,
				831FA94B1DE983D900B6B467 /* Info.plist */,
			);
			path = StartSDKTests;
			sourceTree = "<group>";
		};
/* End PBXGroup section */

/* Begin PBXHeadersBuildPhase section */
		831FA9381DE983D900B6B467 /* Headers */ = {
			isa = PBXHeadersBuildPhase;
			buildActionMask = 2147483647;
			files = (
				831FA94C1DE983D900B6B467 /* StartSDK.h in Headers */,
				2F2E292629C628BE4792384B /* StartCard.h in Headers */,
				2F2E21454CB36C74A79E7DBD /* Start.h in Headers */,
				2F2E28BF3CF96DA9D843CC30 /* StartToken.h in Headers */,
				2F2E2CECF995EE223A541453 /* StartException.h in Headers */,
			);
			runOnlyForDeploymentPostprocessing = 0;
		};
/* End PBXHeadersBuildPhase section */

/* Begin PBXNativeTarget section */
		831FA93A1DE983D900B6B467 /* StartSDK */ = {
			isa = PBXNativeTarget;
			buildConfigurationList = 831FA94F1DE983D900B6B467 /* Build configuration list for PBXNativeTarget "StartSDK" */;
			buildPhases = (
				831FA9361DE983D900B6B467 /* Sources */,
				831FA9371DE983D900B6B467 /* Frameworks */,
				831FA9381DE983D900B6B467 /* Headers */,
				831FA9391DE983D900B6B467 /* Resources */,
			);
			buildRules = (
			);
			dependencies = (
			);
			name = StartSDK;
			productName = StartSDK;
			productReference = 831FA93B1DE983D900B6B467 /* StartSDK.framework */;
			productType = "com.apple.product-type.framework";
		};
		831FA9431DE983D900B6B467 /* StartSDKTests */ = {
			isa = PBXNativeTarget;
			buildConfigurationList = 831FA9521DE983D900B6B467 /* Build configuration list for PBXNativeTarget "StartSDKTests" */;
			buildPhases = (
				831FA9401DE983D900B6B467 /* Sources */,
				831FA9411DE983D900B6B467 /* Frameworks */,
				831FA9421DE983D900B6B467 /* Resources */,
			);
			buildRules = (
			);
			dependencies = (
				831FA9471DE983D900B6B467 /* PBXTargetDependency */,
			);
			name = StartSDKTests;
			productName = StartSDKTests;
			productReference = 831FA9441DE983D900B6B467 /* StartSDKTests.xctest */;
			productType = "com.apple.product-type.bundle.unit-test";
		};
/* End PBXNativeTarget section */

/* Begin PBXProject section */
		831FA9321DE983D900B6B467 /* Project object */ = {
			isa = PBXProject;
			attributes = {
				CLASSPREFIX = Start;
				LastUpgradeCheck = 0810;
				ORGANIZATIONNAME = "Payfort (http://payfort.com)";
				TargetAttributes = {
					831FA93A1DE983D900B6B467 = {
						CreatedOnToolsVersion = 8.1;
						ProvisioningStyle = Automatic;
					};
					831FA9431DE983D900B6B467 = {
						CreatedOnToolsVersion = 8.1;
						ProvisioningStyle = Automatic;
					};
				};
			};
			buildConfigurationList = 831FA9351DE983D900B6B467 /* Build configuration list for PBXProject "StartSDK" */;
			compatibilityVersion = "Xcode 3.2";
			developmentRegion = English;
			hasScannedForEncodings = 0;
			knownRegions = (
				en,
			);
			mainGroup = 831FA9311DE983D900B6B467;
			productRefGroup = 831FA93C1DE983D900B6B467 /* Products */;
			projectDirPath = "";
			projectRoot = "";
			targets = (
				831FA93A1DE983D900B6B467 /* StartSDK */,
				831FA9431DE983D900B6B467 /* StartSDKTests */,
			);
		};
/* End PBXProject section */

/* Begin PBXResourcesBuildPhase section */
		831FA9391DE983D900B6B467 /* Resources */ = {
			isa = PBXResourcesBuildPhase;
			buildActionMask = 2147483647;
			files = (
			);
			runOnlyForDeploymentPostprocessing = 0;
		};
		831FA9421DE983D900B6B467 /* Resources */ = {
			isa = PBXResourcesBuildPhase;
			buildActionMask = 2147483647;
			files = (
			);
			runOnlyForDeploymentPostprocessing = 0;
		};
/* End PBXResourcesBuildPhase section */

/* Begin PBXSourcesBuildPhase section */
		831FA9361DE983D900B6B467 /* Sources */ = {
			isa = PBXSourcesBuildPhase;
			buildActionMask = 2147483647;
			files = (
				2F2E2E39CFA02012CB8454E5 /* NSDate+Start.m in Sources */,
				2F2E2AEA105A53BACB2C75CA /* NSString+Start.m in Sources */,
				2F2E2161BA8C70D6A16D853C /* StartTokenRequest.m in Sources */,
				2F2E23A5940B900789B362AB /* StartAPIClient.m in Sources */,
				2F2E2E2291B0D00B359AECAE /* StartTokenEntity.m in Sources */,
				2F2E250E47FB29B26B140563 /* StartCard.m in Sources */,
				2F2E22E1D2A8D7A4D629C5B7 /* Start.m in Sources */,
				2F2E22ED05A95B7CF0E72FE8 /* StartCardBrandDetector.m in Sources */,
				2F2E2E96CAAC2DA1C2512D59 /* StartException.m in Sources */,
				2F2E2D040C368521C6F0865B /* StartVerificationRequest.m in Sources */,
				2F2E2CC4146EF88A85337434 /* StartVerification.m in Sources */,
				2F2E2C9CB30FFE3408FBB16D /* NSNumber+Start.m in Sources */,
			);
			runOnlyForDeploymentPostprocessing = 0;
		};
		831FA9401DE983D900B6B467 /* Sources */ = {
			isa = PBXSourcesBuildPhase;
			buildActionMask = 2147483647;
			files = (
				2F2E250C295F20A0E4C8BE5D /* StartTests.m in Sources */,
				2F2E2E0E6949871EBEF5B24F /* StartUtilsTests.m in Sources */,
				2F2E2D65D2CA5BFB4092B1B4 /* StartCardTests.m in Sources */,
				2F2E27E83BC0F23E5A782986 /* StartTokenRequestTests.m in Sources */,
				2F2E2D306676E18744817BB0 /* StartAPIClientTests.m in Sources */,
				2F2E26612F4A48EAF19E7A83 /* StartVerificationRequestTests.m in Sources */,
			);
			runOnlyForDeploymentPostprocessing = 0;
		};
/* End PBXSourcesBuildPhase section */

/* Begin PBXTargetDependency section */
		831FA9471DE983D900B6B467 /* PBXTargetDependency */ = {
			isa = PBXTargetDependency;
			target = 831FA93A1DE983D900B6B467 /* StartSDK */;
			targetProxy = 831FA9461DE983D900B6B467 /* PBXContainerItemProxy */;
		};
/* End PBXTargetDependency section */

/* Begin XCBuildConfiguration section */
		831FA94D1DE983D900B6B467 /* Debug */ = {
			isa = XCBuildConfiguration;
			buildSettings = {
				ALWAYS_SEARCH_USER_PATHS = NO;
				CLANG_ANALYZER_NONNULL = YES;
				CLANG_CXX_LANGUAGE_STANDARD = "gnu++0x";
				CLANG_CXX_LIBRARY = "libc++";
				CLANG_ENABLE_MODULES = YES;
				CLANG_ENABLE_OBJC_ARC = YES;
				CLANG_WARN_BOOL_CONVERSION = YES;
				CLANG_WARN_CONSTANT_CONVERSION = YES;
				CLANG_WARN_DIRECT_OBJC_ISA_USAGE = YES_ERROR;
				CLANG_WARN_DOCUMENTATION_COMMENTS = YES;
				CLANG_WARN_EMPTY_BODY = YES;
				CLANG_WARN_ENUM_CONVERSION = YES;
				CLANG_WARN_INFINITE_RECURSION = YES;
				CLANG_WARN_INT_CONVERSION = YES;
				CLANG_WARN_OBJC_ROOT_CLASS = YES_ERROR;
				CLANG_WARN_SUSPICIOUS_MOVES = YES;
				CLANG_WARN_UNREACHABLE_CODE = YES;
				CLANG_WARN__DUPLICATE_METHOD_MATCH = YES;
				COPY_PHASE_STRIP = NO;
				CURRENT_PROJECT_VERSION = 1;
				DEBUG_INFORMATION_FORMAT = dwarf;
				ENABLE_STRICT_OBJC_MSGSEND = YES;
				ENABLE_TESTABILITY = YES;
				GCC_C_LANGUAGE_STANDARD = gnu99;
				GCC_DYNAMIC_NO_PIC = NO;
				GCC_NO_COMMON_BLOCKS = YES;
				GCC_OPTIMIZATION_LEVEL = 0;
				GCC_PREPROCESSOR_DEFINITIONS = (
					"DEBUG=1",
					"$(inherited)",
				);
				GCC_TREAT_WARNINGS_AS_ERRORS = YES;
				GCC_WARN_64_TO_32_BIT_CONVERSION = YES;
				GCC_WARN_ABOUT_RETURN_TYPE = YES_ERROR;
				GCC_WARN_INHIBIT_ALL_WARNINGS = YES;
				GCC_WARN_PEDANTIC = YES;
				GCC_WARN_UNDECLARED_SELECTOR = YES;
				GCC_WARN_UNINITIALIZED_AUTOS = YES_AGGRESSIVE;
				GCC_WARN_UNUSED_FUNCTION = YES;
				GCC_WARN_UNUSED_VARIABLE = YES;
				IPHONEOS_DEPLOYMENT_TARGET = 8.0;
				MTL_ENABLE_DEBUG_INFO = YES;
				ONLY_ACTIVE_ARCH = YES;
				SDKROOT = iphoneos;
				TARGETED_DEVICE_FAMILY = "1,2";
				VERSIONING_SYSTEM = "apple-generic";
				VERSION_INFO_PREFIX = "";
				WARNING_CFLAGS = "-Weverything";
			};
			name = Debug;
		};
		831FA94E1DE983D900B6B467 /* Release */ = {
			isa = XCBuildConfiguration;
			buildSettings = {
				ALWAYS_SEARCH_USER_PATHS = NO;
				CLANG_ANALYZER_NONNULL = YES;
				CLANG_CXX_LANGUAGE_STANDARD = "gnu++0x";
				CLANG_CXX_LIBRARY = "libc++";
				CLANG_ENABLE_MODULES = YES;
				CLANG_ENABLE_OBJC_ARC = YES;
				CLANG_WARN_BOOL_CONVERSION = YES;
				CLANG_WARN_CONSTANT_CONVERSION = YES;
				CLANG_WARN_DIRECT_OBJC_ISA_USAGE = YES_ERROR;
				CLANG_WARN_DOCUMENTATION_COMMENTS = YES;
				CLANG_WARN_EMPTY_BODY = YES;
				CLANG_WARN_ENUM_CONVERSION = YES;
				CLANG_WARN_INFINITE_RECURSION = YES;
				CLANG_WARN_INT_CONVERSION = YES;
				CLANG_WARN_OBJC_ROOT_CLASS = YES_ERROR;
				CLANG_WARN_SUSPICIOUS_MOVES = YES;
				CLANG_WARN_UNREACHABLE_CODE = YES;
				CLANG_WARN__DUPLICATE_METHOD_MATCH = YES;
				COPY_PHASE_STRIP = NO;
				CURRENT_PROJECT_VERSION = 1;
				DEBUG_INFORMATION_FORMAT = "dwarf-with-dsym";
				ENABLE_NS_ASSERTIONS = NO;
				ENABLE_STRICT_OBJC_MSGSEND = YES;
				GCC_C_LANGUAGE_STANDARD = gnu99;
				GCC_NO_COMMON_BLOCKS = YES;
				GCC_TREAT_WARNINGS_AS_ERRORS = YES;
				GCC_WARN_64_TO_32_BIT_CONVERSION = YES;
				GCC_WARN_ABOUT_RETURN_TYPE = YES_ERROR;
				GCC_WARN_INHIBIT_ALL_WARNINGS = YES;
				GCC_WARN_PEDANTIC = YES;
				GCC_WARN_UNDECLARED_SELECTOR = YES;
				GCC_WARN_UNINITIALIZED_AUTOS = YES_AGGRESSIVE;
				GCC_WARN_UNUSED_FUNCTION = YES;
				GCC_WARN_UNUSED_VARIABLE = YES;
				IPHONEOS_DEPLOYMENT_TARGET = 8.0;
				MTL_ENABLE_DEBUG_INFO = NO;
				SDKROOT = iphoneos;
				TARGETED_DEVICE_FAMILY = "1,2";
				VALIDATE_PRODUCT = YES;
				VERSIONING_SYSTEM = "apple-generic";
				VERSION_INFO_PREFIX = "";
				WARNING_CFLAGS = "-Weverything";
			};
			name = Release;
		};
		831FA9501DE983D900B6B467 /* Debug */ = {
			isa = XCBuildConfiguration;
			buildSettings = {
				CODE_SIGN_IDENTITY = "";
				DEFINES_MODULE = YES;
				DYLIB_COMPATIBILITY_VERSION = 1;
				DYLIB_CURRENT_VERSION = 1;
				DYLIB_INSTALL_NAME_BASE = "@rpath";
				INFOPLIST_FILE = StartSDK/Info.plist;
				INSTALL_PATH = "$(LOCAL_LIBRARY_DIR)/Frameworks";
				LD_RUNPATH_SEARCH_PATHS = "$(inherited) @executable_path/Frameworks @loader_path/Frameworks";
				PRODUCT_BUNDLE_IDENTIFIER = com.payfort.StartSDK;
				PRODUCT_NAME = "$(TARGET_NAME)";
				SKIP_INSTALL = YES;
			};
			name = Debug;
		};
		831FA9511DE983D900B6B467 /* Release */ = {
			isa = XCBuildConfiguration;
			buildSettings = {
				CODE_SIGN_IDENTITY = "";
				DEFINES_MODULE = YES;
				DYLIB_COMPATIBILITY_VERSION = 1;
				DYLIB_CURRENT_VERSION = 1;
				DYLIB_INSTALL_NAME_BASE = "@rpath";
				INFOPLIST_FILE = StartSDK/Info.plist;
				INSTALL_PATH = "$(LOCAL_LIBRARY_DIR)/Frameworks";
				LD_RUNPATH_SEARCH_PATHS = "$(inherited) @executable_path/Frameworks @loader_path/Frameworks";
				PRODUCT_BUNDLE_IDENTIFIER = com.payfort.StartSDK;
				PRODUCT_NAME = "$(TARGET_NAME)";
				SKIP_INSTALL = YES;
			};
			name = Release;
		};
		831FA9531DE983D900B6B467 /* Debug */ = {
			isa = XCBuildConfiguration;
			buildSettings = {
				INFOPLIST_FILE = StartSDKTests/Info.plist;
				LD_RUNPATH_SEARCH_PATHS = "$(inherited) @executable_path/Frameworks @loader_path/Frameworks";
				PRODUCT_BUNDLE_IDENTIFIER = com.payfort.StartSDKTests;
				PRODUCT_NAME = "$(TARGET_NAME)";
			};
			name = Debug;
		};
		831FA9541DE983D900B6B467 /* Release */ = {
			isa = XCBuildConfiguration;
			buildSettings = {
				INFOPLIST_FILE = StartSDKTests/Info.plist;
				LD_RUNPATH_SEARCH_PATHS = "$(inherited) @executable_path/Frameworks @loader_path/Frameworks";
				PRODUCT_BUNDLE_IDENTIFIER = com.payfort.StartSDKTests;
				PRODUCT_NAME = "$(TARGET_NAME)";
			};
			name = Release;
		};
/* End XCBuildConfiguration section */

/* Begin XCConfigurationList section */
		831FA9351DE983D900B6B467 /* Build configuration list for PBXProject "StartSDK" */ = {
			isa = XCConfigurationList;
			buildConfigurations = (
				831FA94D1DE983D900B6B467 /* Debug */,
				831FA94E1DE983D900B6B467 /* Release */,
			);
			defaultConfigurationIsVisible = 0;
			defaultConfigurationName = Release;
		};
		831FA94F1DE983D900B6B467 /* Build configuration list for PBXNativeTarget "StartSDK" */ = {
			isa = XCConfigurationList;
			buildConfigurations = (
				831FA9501DE983D900B6B467 /* Debug */,
				831FA9511DE983D900B6B467 /* Release */,
			);
			defaultConfigurationIsVisible = 0;
			defaultConfigurationName = Release;
		};
		831FA9521DE983D900B6B467 /* Build configuration list for PBXNativeTarget "StartSDKTests" */ = {
			isa = XCConfigurationList;
			buildConfigurations = (
				831FA9531DE983D900B6B467 /* Debug */,
				831FA9541DE983D900B6B467 /* Release */,
			);
			defaultConfigurationIsVisible = 0;
			defaultConfigurationName = Release;
		};
/* End XCConfigurationList section */
	};
	rootObject = 831FA9321DE983D900B6B467 /* Project object */;
}
